
Microsoft Visual Studio Solution File, Format Version 11.00
# Visual Studio 2010
Project("{FAE04EC0-301F-11D3-BF4B-00C04F79EFBC}") = "Assembly-CSharp-firstpass", "Assembly-CSharp-firstpass.csproj", "{F1095A70-849C-4737-F179-B8AF20DFBAEB}"
EndProject
Project("{FAE04EC0-301F-11D3-BF4B-00C04F79EFBC}") = "Assembly-CSharp", "Assembly-CSharp.csproj", "{D6F03367-0DCB-B92A-5582-FD0FBDDE76C7}"
EndProject
Project("{FAE04EC0-301F-11D3-BF4B-00C04F79EFBC}") = "Assembly-CSharp-Editor-firstpass", "Assembly-CSharp-Editor-firstpass.csproj", "{0EDF0710-586B-7CE1-7CE6-4FCE2527619D}"
EndProject
Global
	GlobalSection(SolutionConfigurationPlatforms) = preSolution
		Debug|Any CPU = Debug|Any CPU
		Release|Any CPU = Release|Any CPU
	EndGlobalSection
	GlobalSection(ProjectConfigurationPlatforms) = postSolution
		{F1095A70-849C-4737-F179-B8AF20DFBAEB}.Debug|Any CPU.ActiveCfg = Debug|Any CPU
		{F1095A70-849C-4737-F179-B8AF20DFBAEB}.Debug|Any CPU.Build.0 = Debug|Any CPU
		{F1095A70-849C-4737-F179-B8AF20DFBAEB}.Release|Any CPU.ActiveCfg = Release|Any CPU
		{F1095A70-849C-4737-F179-B8AF20DFBAEB}.Release|Any CPU.Build.0 = Release|Any CPU
		{D6F03367-0DCB-B92A-5582-FD0FBDDE76C7}.Debug|Any CPU.ActiveCfg = Debug|Any CPU
		{D6F03367-0DCB-B92A-5582-FD0FBDDE76C7}.Debug|Any CPU.Build.0 = Debug|Any CPU
		{D6F03367-0DCB-B92A-5582-FD0FBDDE76C7}.Release|Any CPU.ActiveCfg = Release|Any CPU
		{D6F03367-0DCB-B92A-5582-FD0FBDDE76C7}.Release|Any CPU.Build.0 = Release|Any CPU
		{0EDF0710-586B-7CE1-7CE6-4FCE2527619D}.Debug|Any CPU.ActiveCfg = Debug|Any CPU
		{0EDF0710-586B-7CE1-7CE6-4FCE2527619D}.Debug|Any CPU.Build.0 = Debug|Any CPU
		{0EDF0710-586B-7CE1-7CE6-4FCE2527619D}.Release|Any CPU.ActiveCfg = Release|Any CPU
		{0EDF0710-586B-7CE1-7CE6-4FCE2527619D}.Release|Any CPU.Build.0 = Release|Any CPU
	EndGlobalSection
	GlobalSection(SolutionProperties) = preSolution
		HideSolutionNode = FALSE
	EndGlobalSection
EndGlobal
